
Microsoft Visual Studio Solution File, Format Version 12.00
# Visual Studio Version 17
VisualStudioVersion = 17.4.33103.184
MinimumVisualStudioVersion = 10.0.40219.1
Project("{9A19103F-16F7-4668-BE54-9A1E7A4F7556}") = "DatabaseContextLibrary", "DatabaseContextLibrary\DatabaseContextLibrary.csproj", "{C62646FD-193A-4E14-AF3F-5E33A5A5ECC4}"
EndProject
Project("{9A19103F-16F7-4668-BE54-9A1E7A4F7556}") = "ShelterAPI", "ShelterAPI\ShelterAPI.csproj", "{EFB0A1A3-42CF-4D52-9A53-8D9C7588701C}"
EndProject
Project("{9A19103F-16F7-4668-BE54-9A1E7A4F7556}") = "AnnouncementsAPI", "AnnouncementsAPI\AnnouncementsAPI.csproj", "{9E72B769-CB83-421D-8104-7ADD0ECDBAAF}"
EndProject
Project("{9A19103F-16F7-4668-BE54-9A1E7A4F7556}") = "APIAuthCommonLibrary", "APIAuthCommonLibrary\APIAuthCommonLibrary.csproj", "{0025CE05-CBAA-4611-A8C6-850BC530148E}"
EndProject
Project("{9A19103F-16F7-4668-BE54-9A1E7A4F7556}") = "APIs_tests", "API_tests\APIs_tests.csproj", "{C6AB1AE0-D491-4602-B9FE-CA411827A3A4}"
EndProject
Project("{9A19103F-16F7-4668-BE54-9A1E7A4F7556}") = "FileStorageService", "FileStorageService\FileStorageService.csproj", "{0268F4AC-4662-48D7-8E17-62D6D4D4D670}"
EndProject
Project("{9A19103F-16F7-4668-BE54-9A1E7A4F7556}") = "FileStorageTests", "FileStorageTests\FileStorageTests.csproj", "{B161A082-45B2-49A3-96D1-A611E4282C6A}"
EndProject
Project("{9A19103F-16F7-4668-BE54-9A1E7A4F7556}") = "AdopterAPI", "AdopterAPI\AdopterAPI.csproj", "{8B8D7FCE-2E29-4C8D-B07B-1B9B5689164A}"
EndProject
Project("{FAE04EC0-301F-11D3-BF4B-00C04F79EFBC}") = "CommonDTOLibrary", "CommonDTO\CommonDTOLibrary.csproj", "{CEAF2EBE-948B-4E5D-B038-2C03C60E97D0}"
EndProject
Global
	GlobalSection(SolutionConfigurationPlatforms) = preSolution
		Debug|Any CPU = Debug|Any CPU
		Release|Any CPU = Release|Any CPU
	EndGlobalSection
	GlobalSection(ProjectConfigurationPlatforms) = postSolution
		{C62646FD-193A-4E14-AF3F-5E33A5A5ECC4}.Debug|Any CPU.ActiveCfg = Debug|Any CPU
		{C62646FD-193A-4E14-AF3F-5E33A5A5ECC4}.Debug|Any CPU.Build.0 = Debug|Any CPU
		{C62646FD-193A-4E14-AF3F-5E33A5A5ECC4}.Release|Any CPU.ActiveCfg = Release|Any CPU
		{C62646FD-193A-4E14-AF3F-5E33A5A5ECC4}.Release|Any CPU.Build.0 = Release|Any CPU
		{EFB0A1A3-42CF-4D52-9A53-8D9C7588701C}.Debug|Any CPU.ActiveCfg = Debug|Any CPU
		{EFB0A1A3-42CF-4D52-9A53-8D9C7588701C}.Debug|Any CPU.Build.0 = Debug|Any CPU
		{EFB0A1A3-42CF-4D52-9A53-8D9C7588701C}.Release|Any CPU.ActiveCfg = Release|Any CPU
		{EFB0A1A3-42CF-4D52-9A53-8D9C7588701C}.Release|Any CPU.Build.0 = Release|Any CPU
		{9E72B769-CB83-421D-8104-7ADD0ECDBAAF}.Debug|Any CPU.ActiveCfg = Debug|Any CPU
		{9E72B769-CB83-421D-8104-7ADD0ECDBAAF}.Debug|Any CPU.Build.0 = Debug|Any CPU
		{9E72B769-CB83-421D-8104-7ADD0ECDBAAF}.Release|Any CPU.ActiveCfg = Release|Any CPU
		{9E72B769-CB83-421D-8104-7ADD0ECDBAAF}.Release|Any CPU.Build.0 = Release|Any CPU
		{0025CE05-CBAA-4611-A8C6-850BC530148E}.Debug|Any CPU.ActiveCfg = Debug|Any CPU
		{0025CE05-CBAA-4611-A8C6-850BC530148E}.Debug|Any CPU.Build.0 = Debug|Any CPU
		{0025CE05-CBAA-4611-A8C6-850BC530148E}.Release|Any CPU.ActiveCfg = Release|Any CPU
		{0025CE05-CBAA-4611-A8C6-850BC530148E}.Release|Any CPU.Build.0 = Release|Any CPU
		{C6AB1AE0-D491-4602-B9FE-CA411827A3A4}.Debug|Any CPU.ActiveCfg = Debug|Any CPU
		{C6AB1AE0-D491-4602-B9FE-CA411827A3A4}.Debug|Any CPU.Build.0 = Debug|Any CPU
		{C6AB1AE0-D491-4602-B9FE-CA411827A3A4}.Release|Any CPU.ActiveCfg = Release|Any CPU
		{C6AB1AE0-D491-4602-B9FE-CA411827A3A4}.Release|Any CPU.Build.0 = Release|Any CPU
		{0268F4AC-4662-48D7-8E17-62D6D4D4D670}.Debug|Any CPU.ActiveCfg = Debug|Any CPU
		{0268F4AC-4662-48D7-8E17-62D6D4D4D670}.Debug|Any CPU.Build.0 = Debug|Any CPU
		{0268F4AC-4662-48D7-8E17-62D6D4D4D670}.Release|Any CPU.ActiveCfg = Release|Any CPU
		{0268F4AC-4662-48D7-8E17-62D6D4D4D670}.Release|Any CPU.Build.0 = Release|Any CPU
		{B161A082-45B2-49A3-96D1-A611E4282C6A}.Debug|Any CPU.ActiveCfg = Debug|Any CPU
		{B161A082-45B2-49A3-96D1-A611E4282C6A}.Debug|Any CPU.Build.0 = Debug|Any CPU
		{B161A082-45B2-49A3-96D1-A611E4282C6A}.Release|Any CPU.ActiveCfg = Release|Any CPU
		{B161A082-45B2-49A3-96D1-A611E4282C6A}.Release|Any CPU.Build.0 = Release|Any CPU
		{8B8D7FCE-2E29-4C8D-B07B-1B9B5689164A}.Debug|Any CPU.ActiveCfg = Debug|Any CPU
		{8B8D7FCE-2E29-4C8D-B07B-1B9B5689164A}.Debug|Any CPU.Build.0 = Debug|Any CPU
		{8B8D7FCE-2E29-4C8D-B07B-1B9B5689164A}.Release|Any CPU.ActiveCfg = Release|Any CPU
		{8B8D7FCE-2E29-4C8D-B07B-1B9B5689164A}.Release|Any CPU.Build.0 = Release|Any CPU
		{CEAF2EBE-948B-4E5D-B038-2C03C60E97D0}.Debug|Any CPU.ActiveCfg = Debug|Any CPU
		{CEAF2EBE-948B-4E5D-B038-2C03C60E97D0}.Debug|Any CPU.Build.0 = Debug|Any CPU
		{CEAF2EBE-948B-4E5D-B038-2C03C60E97D0}.Release|Any CPU.ActiveCfg = Release|Any CPU
		{CEAF2EBE-948B-4E5D-B038-2C03C60E97D0}.Release|Any CPU.Build.0 = Release|Any CPU
	EndGlobalSection
	GlobalSection(SolutionProperties) = preSolution
		HideSolutionNode = FALSE
	EndGlobalSection
	GlobalSection(ExtensibilityGlobals) = postSolution
		SolutionGuid = {80FFE573-9E06-4A3B-A17D-E6CBCC32D8C2}
	EndGlobalSection
EndGlobal
