
Microsoft Visual Studio Solution File, Format Version 12.00
# Visual Studio Version 17
VisualStudioVersion = 17.4.33103.184
MinimumVisualStudioVersion = 10.0.40219.1
Project("{9A19103F-16F7-4668-BE54-9A1E7A4F7556}") = "DatabaseContextLibrary", "DatabaseContextLibrary\DatabaseContextLibrary.csproj", "{C62646FD-193A-4E14-AF3F-5E33A5A5ECC4}"
EndProject
Project("{9A19103F-16F7-4668-BE54-9A1E7A4F7556}") = "ShelterAPI", "ShelterAPI\ShelterAPI.csproj", "{EFB0A1A3-42CF-4D52-9A53-8D9C7588701C}"
EndProject
Project("{FAE04EC0-301F-11D3-BF4B-00C04F79EFBC}") = "AnnouncementsAPI", "AnnouncementsAPI\AnnouncementsAPI.csproj", "{9E72B769-CB83-421D-8104-7ADD0ECDBAAF}"
EndProject
Global
	GlobalSection(SolutionConfigurationPlatforms) = preSolution
		Debug|Any CPU = Debug|Any CPU
		Release|Any CPU = Release|Any CPU
	EndGlobalSection
	GlobalSection(ProjectConfigurationPlatforms) = postSolution
		{C62646FD-193A-4E14-AF3F-5E33A5A5ECC4}.Debug|Any CPU.ActiveCfg = Debug|Any CPU
		{C62646FD-193A-4E14-AF3F-5E33A5A5ECC4}.Debug|Any CPU.Build.0 = Debug|Any CPU
		{C62646FD-193A-4E14-AF3F-5E33A5A5ECC4}.Release|Any CPU.ActiveCfg = Release|Any CPU
		{C62646FD-193A-4E14-AF3F-5E33A5A5ECC4}.Release|Any CPU.Build.0 = Release|Any CPU
		{EFB0A1A3-42CF-4D52-9A53-8D9C7588701C}.Debug|Any CPU.ActiveCfg = Debug|Any CPU
		{EFB0A1A3-42CF-4D52-9A53-8D9C7588701C}.Debug|Any CPU.Build.0 = Debug|Any CPU
		{EFB0A1A3-42CF-4D52-9A53-8D9C7588701C}.Release|Any CPU.ActiveCfg = Release|Any CPU
		{EFB0A1A3-42CF-4D52-9A53-8D9C7588701C}.Release|Any CPU.Build.0 = Release|Any CPU
		{9E72B769-CB83-421D-8104-7ADD0ECDBAAF}.Debug|Any CPU.ActiveCfg = Debug|Any CPU
		{9E72B769-CB83-421D-8104-7ADD0ECDBAAF}.Debug|Any CPU.Build.0 = Debug|Any CPU
		{9E72B769-CB83-421D-8104-7ADD0ECDBAAF}.Release|Any CPU.ActiveCfg = Release|Any CPU
		{9E72B769-CB83-421D-8104-7ADD0ECDBAAF}.Release|Any CPU.Build.0 = Release|Any CPU
	EndGlobalSection
	GlobalSection(SolutionProperties) = preSolution
		HideSolutionNode = FALSE
	EndGlobalSection
	GlobalSection(ExtensibilityGlobals) = postSolution
		SolutionGuid = {80FFE573-9E06-4A3B-A17D-E6CBCC32D8C2}
	EndGlobalSection
EndGlobal
